
Microsoft Visual Studio Solution File, Format Version 12.00
# Visual Studio Version 16
VisualStudioVersion = 16.0.30517.126
MinimumVisualStudioVersion = 10.0.40219.1
Project("{FAE04EC0-301F-11D3-BF4B-00C04F79EFBC}") = "Norway.Data.PostalCodeLookupApp", "Norway.Data.PostalCodeLookupApp\Norway.Data.PostalCodeLookupApp.csproj", "{418A0FA6-90D7-41D9-A006-9D8990FBE080}"
EndProject
Global
	GlobalSection(SolutionConfigurationPlatforms) = preSolution
		Debug|Any CPU = Debug|Any CPU
		Release|Any CPU = Release|Any CPU
	EndGlobalSection
	GlobalSection(ProjectConfigurationPlatforms) = postSolution
		{418A0FA6-90D7-41D9-A006-9D8990FBE080}.Debug|Any CPU.ActiveCfg = Debug|Any CPU
		{418A0FA6-90D7-41D9-A006-9D8990FBE080}.Debug|Any CPU.Build.0 = Debug|Any CPU
		{418A0FA6-90D7-41D9-A006-9D8990FBE080}.Release|Any CPU.ActiveCfg = Release|Any CPU
		{418A0FA6-90D7-41D9-A006-9D8990FBE080}.Release|Any CPU.Build.0 = Release|Any CPU
	EndGlobalSection
	GlobalSection(SolutionProperties) = preSolution
		HideSolutionNode = FALSE
	EndGlobalSection
	GlobalSection(ExtensibilityGlobals) = postSolution
		SolutionGuid = {6AFC11D3-230B-4CC8-9E30-00D11E40C638}
	EndGlobalSection
EndGlobal
